
Microsoft Visual Studio Solution File, Format Version 12.00
# Visual Studio 15
VisualStudioVersion = 15.0.34112.143
MinimumVisualStudioVersion = 10.0.40219.1
Project("{FAE04EC0-301F-11D3-BF4B-00C04F79EFBC}") = "AVTracksScheduler", "AVTracksScheduler\AVTracksScheduler.csproj", "{2DFAD141-24DB-4BA7-BD0A-907D0D6D2F5C}"
EndProject
Global
	GlobalSection(SolutionConfigurationPlatforms) = preSolution
		Debug|Any CPU = Debug|Any CPU
		Release|Any CPU = Release|Any CPU
	EndGlobalSection
	GlobalSection(ProjectConfigurationPlatforms) = postSolution
		{2DFAD141-24DB-4BA7-BD0A-907D0D6D2F5C}.Debug|Any CPU.ActiveCfg = Debug|Any CPU
		{2DFAD141-24DB-4BA7-BD0A-907D0D6D2F5C}.Debug|Any CPU.Build.0 = Debug|Any CPU
		{2DFAD141-24DB-4BA7-BD0A-907D0D6D2F5C}.Release|Any CPU.ActiveCfg = Release|Any CPU
		{2DFAD141-24DB-4BA7-BD0A-907D0D6D2F5C}.Release|Any CPU.Build.0 = Release|Any CPU
	EndGlobalSection
	GlobalSection(SolutionProperties) = preSolution
		HideSolutionNode = FALSE
	EndGlobalSection
	GlobalSection(ExtensibilityGlobals) = postSolution
		SolutionGuid = {F0A5C827-C33A-4BC2-8584-9450BDCD79DC}
	EndGlobalSection
EndGlobal
